{
  "requires": true,
  "lockfileVersion": 1,
  "dependencies": {
    "ngx-bootstrap": {
      "version": "5.0.0",
      "resolved": "https://registry.npmjs.org/ngx-bootstrap/-/ngx-bootstrap-5.0.0.tgz",
      "integrity": "sha512-5TTFP9s3wfiRychGcdyvpCvvxtxW1Nf2Dqmk2YBzuIhHHLT6gRq1Fsic4lYrtAUwmy0PSLhOY/XW/saYKlrSJw=="
    }
  }
}
