
Microsoft Visual Studio Solution File, Format Version 12.00
# Visual Studio Version 16
VisualStudioVersion = 16.0.29009.5
MinimumVisualStudioVersion = 10.0.40219.1
Project("{9A19103F-16F7-4668-BE54-9A1E7A4F7556}") = "PersonDiary.Interfaces", "Interfaces\PersonDiary.Interfaces.csproj", "{DDD9649D-E864-4E54-8B99-FC977EF25E7A}"
EndProject
Project("{9A19103F-16F7-4668-BE54-9A1E7A4F7556}") = "PersonDiary.BusinessLogic", "BusinessLogic\PersonDiary.BusinessLogic.csproj", "{79D754FF-658E-4832-A34B-940332CB9467}"
EndProject
Project("{9A19103F-16F7-4668-BE54-9A1E7A4F7556}") = "PersonDiary.DataLayer.EFCore", "PersonDiary.DataLayer\PersonDiary.DataLayer.EFCore.csproj", "{792E9342-2E01-4379-B25A-EEF4A188BDA2}"
EndProject
Project("{9A19103F-16F7-4668-BE54-9A1E7A4F7556}") = "PersonDiary.BusinessLogic.Test", "PersonDiary.BusinessLogic.Test\PersonDiary.BusinessLogic.Test.csproj", "{1451C286-BE87-4640-BDFE-1CD72ED9540E}"
EndProject
Project("{9A19103F-16F7-4668-BE54-9A1E7A4F7556}") = "PersonDiary.Archivator", "PersonDiary.Archivator\PersonDiary.Archivator.csproj", "{68583BCA-D169-428A-8E37-6D288B084D9D}"
EndProject
Project("{9A19103F-16F7-4668-BE54-9A1E7A4F7556}") = "PersonDiary.Angular.EFCore", "PersonDiary.Angular\PersonDiary.Angular.EFCore.csproj", "{F6226012-AF94-4AAE-8336-52CF5E6222C9}"
EndProject
Global
	GlobalSection(SolutionConfigurationPlatforms) = preSolution
		Debug|Any CPU = Debug|Any CPU
		Release|Any CPU = Release|Any CPU
	EndGlobalSection
	GlobalSection(ProjectConfigurationPlatforms) = postSolution
		{DDD9649D-E864-4E54-8B99-FC977EF25E7A}.Debug|Any CPU.ActiveCfg = Debug|Any CPU
		{DDD9649D-E864-4E54-8B99-FC977EF25E7A}.Debug|Any CPU.Build.0 = Debug|Any CPU
		{DDD9649D-E864-4E54-8B99-FC977EF25E7A}.Release|Any CPU.ActiveCfg = Release|Any CPU
		{DDD9649D-E864-4E54-8B99-FC977EF25E7A}.Release|Any CPU.Build.0 = Release|Any CPU
		{79D754FF-658E-4832-A34B-940332CB9467}.Debug|Any CPU.ActiveCfg = Debug|Any CPU
		{79D754FF-658E-4832-A34B-940332CB9467}.Debug|Any CPU.Build.0 = Debug|Any CPU
		{79D754FF-658E-4832-A34B-940332CB9467}.Release|Any CPU.ActiveCfg = Release|Any CPU
		{79D754FF-658E-4832-A34B-940332CB9467}.Release|Any CPU.Build.0 = Release|Any CPU
		{792E9342-2E01-4379-B25A-EEF4A188BDA2}.Debug|Any CPU.ActiveCfg = Debug|Any CPU
		{792E9342-2E01-4379-B25A-EEF4A188BDA2}.Debug|Any CPU.Build.0 = Debug|Any CPU
		{792E9342-2E01-4379-B25A-EEF4A188BDA2}.Release|Any CPU.ActiveCfg = Release|Any CPU
		{792E9342-2E01-4379-B25A-EEF4A188BDA2}.Release|Any CPU.Build.0 = Release|Any CPU
		{1451C286-BE87-4640-BDFE-1CD72ED9540E}.Debug|Any CPU.ActiveCfg = Debug|Any CPU
		{1451C286-BE87-4640-BDFE-1CD72ED9540E}.Debug|Any CPU.Build.0 = Debug|Any CPU
		{1451C286-BE87-4640-BDFE-1CD72ED9540E}.Release|Any CPU.ActiveCfg = Release|Any CPU
		{1451C286-BE87-4640-BDFE-1CD72ED9540E}.Release|Any CPU.Build.0 = Release|Any CPU
		{68583BCA-D169-428A-8E37-6D288B084D9D}.Debug|Any CPU.ActiveCfg = Debug|Any CPU
		{68583BCA-D169-428A-8E37-6D288B084D9D}.Debug|Any CPU.Build.0 = Debug|Any CPU
		{68583BCA-D169-428A-8E37-6D288B084D9D}.Release|Any CPU.ActiveCfg = Release|Any CPU
		{68583BCA-D169-428A-8E37-6D288B084D9D}.Release|Any CPU.Build.0 = Release|Any CPU
		{F6226012-AF94-4AAE-8336-52CF5E6222C9}.Debug|Any CPU.ActiveCfg = Debug|Any CPU
		{F6226012-AF94-4AAE-8336-52CF5E6222C9}.Debug|Any CPU.Build.0 = Debug|Any CPU
		{F6226012-AF94-4AAE-8336-52CF5E6222C9}.Release|Any CPU.ActiveCfg = Release|Any CPU
		{F6226012-AF94-4AAE-8336-52CF5E6222C9}.Release|Any CPU.Build.0 = Release|Any CPU
	EndGlobalSection
	GlobalSection(SolutionProperties) = preSolution
		HideSolutionNode = FALSE
	EndGlobalSection
	GlobalSection(ExtensibilityGlobals) = postSolution
		SolutionGuid = {CC6FB8AF-DDA6-4CF5-B227-EBA442F24AD3}
	EndGlobalSection
EndGlobal
