
Microsoft Visual Studio Solution File, Format Version 12.00
# Visual Studio Version 16
VisualStudioVersion = 16.0.29009.5
MinimumVisualStudioVersion = 10.0.40219.1
Project("{9A19103F-16F7-4668-BE54-9A1E7A4F7556}") = "PersonDiary.DataLayer.EFCore", "PersonDiary.DataLayer\PersonDiary.DataLayer.EFCore.csproj", "{792E9342-2E01-4379-B25A-EEF4A188BDA2}"
EndProject
Project("{9A19103F-16F7-4668-BE54-9A1E7A4F7556}") = "PersonDiary.BusinessLogic.Test", "PersonDiary.BusinessLogic.Test\PersonDiary.BusinessLogic.Test.csproj", "{1451C286-BE87-4640-BDFE-1CD72ED9540E}"
EndProject
Project("{9A19103F-16F7-4668-BE54-9A1E7A4F7556}") = "PersonDiary.Archivator", "PersonDiary.Archivator\PersonDiary.Archivator.csproj", "{68583BCA-D169-428A-8E37-6D288B084D9D}"
EndProject
Project("{9A19103F-16F7-4668-BE54-9A1E7A4F7556}") = "PersonDiary.React.EFCore", "PersonDiary.React.EFCore\PersonDiary.React.EFCore.csproj", "{8EF60A7C-D264-43CC-862F-AE36FA91F29B}"
EndProject
Project("{2150E333-8FDC-42A3-9474-1A3956D46DE8}") = "Annotation", "Annotation", "{E39A7DF4-300D-4B6F-B288-BF652CE3C378}"
	ProjectSection(SolutionItems) = preProject
		PersonDiary Annotation.txt = PersonDiary Annotation.txt
	EndProjectSection
EndProject
Project("{9A19103F-16F7-4668-BE54-9A1E7A4F7556}") = "PersonDiary.Interfaces", "PersonDiary.Interfaces\PersonDiary.Interfaces.csproj", "{521E6F80-9362-4899-85B3-826E263BBBF6}"
EndProject
Project("{9A19103F-16F7-4668-BE54-9A1E7A4F7556}") = "PersonDiary.BusinessLogic", "PersonDiary.BusinessLogic\PersonDiary.BusinessLogic.csproj", "{CA5727E4-00DB-4BE6-97F3-32C93C126138}"
EndProject
Project("{9A19103F-16F7-4668-BE54-9A1E7A4F7556}") = "PersonDiary.Angular.EFCore", "PersonDiary.Angular.EFCore\PersonDiary.Angular.EFCore.csproj", "{FD45E0EE-0047-4F5A-93CA-873BC7CA6AC9}"
EndProject
Global
	GlobalSection(SolutionConfigurationPlatforms) = preSolution
		Debug|Any CPU = Debug|Any CPU
		Release|Any CPU = Release|Any CPU
	EndGlobalSection
	GlobalSection(ProjectConfigurationPlatforms) = postSolution
		{792E9342-2E01-4379-B25A-EEF4A188BDA2}.Debug|Any CPU.ActiveCfg = Debug|Any CPU
		{792E9342-2E01-4379-B25A-EEF4A188BDA2}.Debug|Any CPU.Build.0 = Debug|Any CPU
		{792E9342-2E01-4379-B25A-EEF4A188BDA2}.Release|Any CPU.ActiveCfg = Release|Any CPU
		{792E9342-2E01-4379-B25A-EEF4A188BDA2}.Release|Any CPU.Build.0 = Release|Any CPU
		{1451C286-BE87-4640-BDFE-1CD72ED9540E}.Debug|Any CPU.ActiveCfg = Debug|Any CPU
		{1451C286-BE87-4640-BDFE-1CD72ED9540E}.Debug|Any CPU.Build.0 = Debug|Any CPU
		{1451C286-BE87-4640-BDFE-1CD72ED9540E}.Release|Any CPU.ActiveCfg = Release|Any CPU
		{1451C286-BE87-4640-BDFE-1CD72ED9540E}.Release|Any CPU.Build.0 = Release|Any CPU
		{68583BCA-D169-428A-8E37-6D288B084D9D}.Debug|Any CPU.ActiveCfg = Debug|Any CPU
		{68583BCA-D169-428A-8E37-6D288B084D9D}.Debug|Any CPU.Build.0 = Debug|Any CPU
		{68583BCA-D169-428A-8E37-6D288B084D9D}.Release|Any CPU.ActiveCfg = Release|Any CPU
		{68583BCA-D169-428A-8E37-6D288B084D9D}.Release|Any CPU.Build.0 = Release|Any CPU
		{8EF60A7C-D264-43CC-862F-AE36FA91F29B}.Debug|Any CPU.ActiveCfg = Debug|Any CPU
		{8EF60A7C-D264-43CC-862F-AE36FA91F29B}.Debug|Any CPU.Build.0 = Debug|Any CPU
		{8EF60A7C-D264-43CC-862F-AE36FA91F29B}.Release|Any CPU.ActiveCfg = Release|Any CPU
		{8EF60A7C-D264-43CC-862F-AE36FA91F29B}.Release|Any CPU.Build.0 = Release|Any CPU
		{521E6F80-9362-4899-85B3-826E263BBBF6}.Debug|Any CPU.ActiveCfg = Debug|Any CPU
		{521E6F80-9362-4899-85B3-826E263BBBF6}.Debug|Any CPU.Build.0 = Debug|Any CPU
		{521E6F80-9362-4899-85B3-826E263BBBF6}.Release|Any CPU.ActiveCfg = Release|Any CPU
		{521E6F80-9362-4899-85B3-826E263BBBF6}.Release|Any CPU.Build.0 = Release|Any CPU
		{CA5727E4-00DB-4BE6-97F3-32C93C126138}.Debug|Any CPU.ActiveCfg = Debug|Any CPU
		{CA5727E4-00DB-4BE6-97F3-32C93C126138}.Debug|Any CPU.Build.0 = Debug|Any CPU
		{CA5727E4-00DB-4BE6-97F3-32C93C126138}.Release|Any CPU.ActiveCfg = Release|Any CPU
		{CA5727E4-00DB-4BE6-97F3-32C93C126138}.Release|Any CPU.Build.0 = Release|Any CPU
		{FD45E0EE-0047-4F5A-93CA-873BC7CA6AC9}.Debug|Any CPU.ActiveCfg = Debug|Any CPU
		{FD45E0EE-0047-4F5A-93CA-873BC7CA6AC9}.Debug|Any CPU.Build.0 = Debug|Any CPU
		{FD45E0EE-0047-4F5A-93CA-873BC7CA6AC9}.Release|Any CPU.ActiveCfg = Release|Any CPU
		{FD45E0EE-0047-4F5A-93CA-873BC7CA6AC9}.Release|Any CPU.Build.0 = Release|Any CPU
	EndGlobalSection
	GlobalSection(SolutionProperties) = preSolution
		HideSolutionNode = FALSE
	EndGlobalSection
	GlobalSection(ExtensibilityGlobals) = postSolution
		SolutionGuid = {CC6FB8AF-DDA6-4CF5-B227-EBA442F24AD3}
	EndGlobalSection
EndGlobal
